# THIS IS AN AUTOGENERATED FILE. DO NOT EDIT THIS FILE DIRECTLY.
# yarn lockfile v1


assertion-error@^1.1.0:
  version "1.1.0"
  resolved "https://registry.yarnpkg.com/assertion-error/-/assertion-error-1.1.0.tgz#e60b6b0e8f301bd97e5375215bda406c85118c0b"
  integrity sha512-jgsaNduz+ndvGyFt3uSuWqvy4lCnIJiovtouQN5JZHOKCS2QuhEdbcQHFhVksz2N2U9hXJo8odG7ETyWlEeuDw==

truffle-assertions@^0.8.2:
  version "0.8.2"
  resolved "https://registry.yarnpkg.com/truffle-assertions/-/truffle-assertions-0.8.2.tgz#6f0fda2cbc9f9dae597d6a1c81c28bdf7fe85595"
  integrity sha512-WpUlGMsttkNHuIRYk7Th3I/4d2TeCxDhQI2ZiY+poI8dtfii4seIMXATB9aQLHU+uHAKWxpRJcTzZzm2zl/JnA==
  dependencies:
    assertion-error "^1.1.0"
